<?xml version="1.0" encoding="utf-8"?>
<Project ToolsVersion="4.0" xmlns="http://schemas.microsoft.com/developer/msbuild/2003">
  <ItemGroup>
    <Filter Include="Source Files">
      <UniqueIdentifier>{4FC737F1-C7A5-4376-A066-2A32D752A2FF}</UniqueIdentifier>
      <Extensions>cpp;c;cc;cxx;c++;cppm;ixx;def;odl;idl;hpj;bat;asm;asmx</Extensions>
    </Filter>
    <Filter Include="Resource Files">
      <UniqueIdentifier>{67DA6AB6-F800-4c08-8B7A-83BB121AAD01}</UniqueIdentifier>
      <Extensions>rc;ico;cur;bmp;dlg;rc2;rct;bin;rgs;gif;jpg;jpeg;jpe;resx;tiff;tif;png;wav;mfcribbon-ms</Extensions>
    </Filter>
    <Filter Include="imgui">
      <UniqueIdentifier>{bf5c37fb-b60f-40c5-aaba-ca4834dec30e}</UniqueIdentifier>
    </Filter>
    <Filter Include="Resource Files\Fonts">
      <UniqueIdentifier>{cb2c987e-d89a-42bd-83d7-10ce66cfc67b}</UniqueIdentifier>
    </Filter>
    <Filter Include="Source Files\Input">
      <UniqueIdentifier>{1ffb6a63-4573-413e-843e-322f30a147db}</UniqueIdentifier>
    </Filter>
    <Filter Include="Source Files\UI">
      <UniqueIdentifier>{5f2c2038-39e8-45bc-bc1a-f2caf4f27919}</UniqueIdentifier>
    </Filter>
    <Filter Include="Source Files\Utility">
      <UniqueIdentifier>{67b970d0-567f-4fc2-8c5b-da8fb87e436d}</UniqueIdentifier>
    </Filter>
    <Filter Include="Source Files\Config">
      <UniqueIdentifier>{9bcffafc-5b9c-41c7-bb80-13e22324290a}</UniqueIdentifier>
    </Filter>
    <Filter Include="Source Files\Graphics">
      <UniqueIdentifier>{ae568e68-c981-4dfa-81c2-84ec05bf620d}</UniqueIdentifier>
    </Filter>
    <Filter Include="Source Files\Game Data">
      <UniqueIdentifier>{7d2de68f-8acc-4498-94da-1f8964b3830c}</UniqueIdentifier>
    </Filter>
    <Filter Include="Source Files\External">
      <UniqueIdentifier>{837189f3-cb1d-4c29-a789-14e81ec02dd2}</UniqueIdentifier>
    </Filter>
    <Filter Include="imgui\freetype">
      <UniqueIdentifier>{e3b34caf-2a7f-4b33-a197-4ae6680b8886}</UniqueIdentifier>
    </Filter>
  </ItemGroup>
  <ItemGroup>
    <ClCompile Include="imgui\imgui.cpp">
      <Filter>imgui</Filter>
    </ClCompile>
    <ClCompile Include="imgui\imgui_draw.cpp">
      <Filter>imgui</Filter>
    </ClCompile>
    <ClCompile Include="imgui\imgui_widgets.cpp">
      <Filter>imgui</Filter>
    </ClCompile>
    <ClCompile Include="imgui\backends\imgui_impl_dx11.cpp">
      <Filter>imgui</Filter>
    </ClCompile>
    <ClCompile Include="imgui\backends\imgui_impl_win32.cpp">
      <Filter>imgui</Filter>
    </ClCompile>
    <ClCompile Include="imgui\imgui_tables.cpp">
      <Filter>imgui</Filter>
    </ClCompile>
    <ClCompile Include="src\imgui_impl_win32_.cpp">
      <Filter>imgui</Filter>
    </ClCompile>
    <ClCompile Include="src\BaseCore.cpp">
      <Filter>Source Files</Filter>
    </ClCompile>
    <ClCompile Include="src\ActivationKeybind.cpp">
      <Filter>Source Files\Input</Filter>
    </ClCompile>
    <ClCompile Include="src\Keybind.cpp">
      <Filter>Source Files\Input</Filter>
    </ClCompile>
    <ClCompile Include="src\ScanCode.cpp">
      <Filter>Source Files\Input</Filter>
    </ClCompile>
    <ClCompile Include="src\Input.cpp">
      <Filter>Source Files\Input</Filter>
    </ClCompile>
    <ClCompile Include="src\ImGuiExtensions.cpp">
      <Filter>Source Files\UI</Filter>
    </ClCompile>
    <ClCompile Include="src\ImGuiImplDX11.cpp">
      <Filter>Source Files\UI</Filter>
    </ClCompile>
    <ClCompile Include="src\ImGuiPopup.cpp">
      <Filter>Source Files\UI</Filter>
    </ClCompile>
    <ClCompile Include="src\Condition.cpp">
      <Filter>Source Files\Utility</Filter>
    </ClCompile>
    <ClCompile Include="src\ConfigurationFile.cpp">
      <Filter>Source Files\Config</Filter>
    </ClCompile>
    <ClCompile Include="src\FileSystem.cpp">
      <Filter>Source Files\Utility</Filter>
    </ClCompile>
    <ClCompile Include="src\GFXSettings.cpp">
      <Filter>Source Files\Game Data</Filter>
    </ClCompile>
    <ClCompile Include="src\Graphics.cpp">
      <Filter>Source Files\Graphics</Filter>
    </ClCompile>
    <ClCompile Include="src\Log.cpp">
      <Filter>Source Files\Utility</Filter>
    </ClCompile>
    <ClCompile Include="src\Minidump.cpp">
      <Filter>Source Files\Utility</Filter>
    </ClCompile>
    <ClCompile Include="src\MiscTab.cpp">
      <Filter>Source Files\UI</Filter>
    </ClCompile>
    <ClCompile Include="src\MumbleLink.cpp">
      <Filter>Source Files\Game Data</Filter>
    </ClCompile>
    <ClCompile Include="src\SettingsMenu.cpp">
      <Filter>Source Files\UI</Filter>
    </ClCompile>
    <ClCompile Include="src\ShaderManager.cpp">
      <Filter>Source Files\Graphics</Filter>
    </ClCompile>
    <ClCompile Include="src\UpdateCheck.cpp">
      <Filter>Source Files\Utility</Filter>
    </ClCompile>
    <ClCompile Include="src\Singleton.cpp">
      <Filter>Source Files\Utility</Filter>
    </ClCompile>
    <ClCompile Include="src\Utility.cpp">
      <Filter>Source Files\Utility</Filter>
    </ClCompile>
    <ClCompile Include="src\StackWalker.cpp">
      <Filter>Source Files\Utility</Filter>
    </ClCompile>
    <ClCompile Include="imgui\misc\freetype\imgui_freetype.cpp">
      <Filter>imgui\freetype</Filter>
    </ClCompile>
    <ClCompile Include="imgui-knobs\imgui-knobs.cpp">
      <Filter>imgui</Filter>
    </ClCompile>
    <ClCompile Include="include\Assertions.cpp">
      <Filter>Source Files</Filter>
    </ClCompile>
  </ItemGroup>
  <ItemGroup>
    <ClInclude Include="imgui\imgui.h">
      <Filter>imgui</Filter>
    </ClInclude>
    <ClInclude Include="imgui\backends\imgui_impl_dx11.h">
      <Filter>imgui</Filter>
    </ClInclude>
    <ClInclude Include="imgui\backends\imgui_impl_win32.h">
      <Filter>imgui</Filter>
    </ClInclude>
    <ClInclude Include="include\BaseCore.h">
      <Filter>Source Files</Filter>
    </ClInclude>
    <ClInclude Include="include\imcfg.h">
      <Filter>imgui</Filter>
    </ClInclude>
    <ClInclude Include="imgui\imstb_truetype.h">
      <Filter>imgui</Filter>
    </ClInclude>
    <ClInclude Include="imgui\imstb_textedit.h">
      <Filter>imgui</Filter>
    </ClInclude>
    <ClInclude Include="imgui\imstb_rectpack.h">
      <Filter>imgui</Filter>
    </ClInclude>
    <ClInclude Include="imgui\imgui_internal.h">
      <Filter>imgui</Filter>
    </ClInclude>
    <ClInclude Include="include\ActivationKeybind.h">
      <Filter>Source Files\Input</Filter>
    </ClInclude>
    <ClInclude Include="include\Keybind.h">
      <Filter>Source Files\Input</Filter>
    </ClInclude>
    <ClInclude Include="include\KeyCombo.h">
      <Filter>Source Files\Input</Filter>
    </ClInclude>
    <ClInclude Include="include\ScanCode.h">
      <Filter>Source Files\Input</Filter>
    </ClInclude>
    <ClInclude Include="include\Input.h">
      <Filter>Source Files\Input</Filter>
    </ClInclude>
    <ClInclude Include="include\ImGuiExtensions.h">
      <Filter>Source Files\UI</Filter>
    </ClInclude>
    <ClInclude Include="include\ImGuiImplDX11.h">
      <Filter>Source Files\UI</Filter>
    </ClInclude>
    <ClInclude Include="include\ImGuiPopup.h">
      <Filter>Source Files\UI</Filter>
    </ClInclude>
    <ClInclude Include="include\Condition.h">
      <Filter>Source Files\Utility</Filter>
    </ClInclude>
    <ClInclude Include="include\ConfigurationFile.h">
      <Filter>Source Files\Config</Filter>
    </ClInclude>
    <ClInclude Include="include\ConfigurationOption.h">
      <Filter>Source Files\Config</Filter>
    </ClInclude>
    <ClInclude Include="include\EnumUtils.h">
      <Filter>Source Files\Utility</Filter>
    </ClInclude>
    <ClInclude Include="include\Common.h">
      <Filter>Source Files</Filter>
    </ClInclude>
    <ClInclude Include="include\Defs.h">
      <Filter>Source Files</Filter>
    </ClInclude>
    <ClInclude Include="include\Event.h">
      <Filter>Source Files\Utility</Filter>
    </ClInclude>
    <ClInclude Include="include\FileSystem.h">
      <Filter>Source Files\Utility</Filter>
    </ClInclude>
    <ClInclude Include="include\GFXSettings.h">
      <Filter>Source Files\Game Data</Filter>
    </ClInclude>
    <ClInclude Include="include\Graphics.h">
      <Filter>Source Files\Graphics</Filter>
    </ClInclude>
    <ClInclude Include="include\Log.h">
      <Filter>Source Files\Utility</Filter>
    </ClInclude>
    <ClInclude Include="include\MiscTab.h">
      <Filter>Source Files\UI</Filter>
    </ClInclude>
    <ClInclude Include="include\MumbleLink.h">
      <Filter>Source Files\Game Data</Filter>
    </ClInclude>
    <ClInclude Include="include\renderdoc_app.h">
      <Filter>Source Files\External</Filter>
    </ClInclude>
    <ClInclude Include="include\SettingsMenu.h">
      <Filter>Source Files\UI</Filter>
    </ClInclude>
    <ClInclude Include="include\ShaderManager.h">
      <Filter>Source Files\Graphics</Filter>
    </ClInclude>
    <ClInclude Include="include\UpdateCheck.h">
      <Filter>Source Files\Utility</Filter>
    </ClInclude>
    <ClInclude Include="include\Singleton.h">
      <Filter>Source Files\Utility</Filter>
    </ClInclude>
    <ClInclude Include="include\Utility.h">
      <Filter>Source Files\Utility</Filter>
    </ClInclude>
    <ClInclude Include="include\Win.h">
      <Filter>Source Files\Utility</Filter>
    </ClInclude>
    <ClInclude Include="baseresource.h">
      <Filter>Resource Files</Filter>
    </ClInclude>
    <ClInclude Include="include\Assertions.h">
      <Filter>Source Files</Filter>
    </ClInclude>
    <ClInclude Include="include\StackWalker.h">
      <Filter>Source Files\Utility</Filter>
    </ClInclude>
    <ClInclude Include="imgui\misc\freetype\imgui_freetype.h">
      <Filter>imgui\freetype</Filter>
    </ClInclude>
    <ClInclude Include="imgui-knobs\imgui-knobs.h">
      <Filter>imgui</Filter>
    </ClInclude>
    <ClInclude Include="include\gw2load\api.h">
      <Filter>Source Files\External</Filter>
    </ClInclude>
  </ItemGroup>
  <ItemGroup>
    <ResourceCompile Include="BaseResource.rc">
      <Filter>Resource Files</Filter>
    </ResourceCompile>
  </ItemGroup>
  <ItemGroup>
    <Font Include="fonts\fa-solid-900.ttf">
      <Filter>Resource Files\Fonts</Filter>
    </Font>
    <Font Include="fonts\SourceSansPro-Black.ttf">
      <Filter>Resource Files\Fonts</Filter>
    </Font>
    <Font Include="fonts\SourceSansPro-Italic.ttf">
      <Filter>Resource Files\Fonts</Filter>
    </Font>
    <Font Include="fonts\SourceSansPro-Regular.ttf">
      <Filter>Resource Files\Fonts</Filter>
    </Font>
    <Font Include="fonts\CinzelDecorative-Bold.ttf">
      <Filter>Resource Files\Fonts</Filter>
    </Font>
    <Font Include="fonts\consolas.ttf">
      <Filter>Resource Files\Fonts</Filter>
    </Font>
  </ItemGroup>
</Project>