<?xml version="1.0" encoding="utf-8"?>
<Project ToolsVersion="4.0" xmlns="http://schemas.microsoft.com/developer/msbuild/2003">
  <ItemGroup>
    <Filter Include="Source Files">
      <UniqueIdentifier>{4FC737F1-C7A5-4376-A066-2A32D752A2FF}</UniqueIdentifier>
      <Extensions>cpp;c;cc;cxx;c++;cppm;ixx;def;odl;idl;hpj;bat;asm;asmx</Extensions>
    </Filter>
    <Filter Include="Resource Files">
      <UniqueIdentifier>{67DA6AB6-F800-4c08-8B7A-83BB121AAD01}</UniqueIdentifier>
      <Extensions>rc;ico;cur;bmp;dlg;rc2;rct;bin;rgs;gif;jpg;jpeg;jpe;resx;tiff;tif;png;wav;mfcribbon-ms</Extensions>
    </Filter>
  </ItemGroup>
  <ItemGroup>
    <ClCompile Include="src\ConfigurationFile.cpp">
      <Filter>Source Files</Filter>
    </ClCompile>
    <ClCompile Include="src\FileSystem.cpp">
      <Filter>Source Files</Filter>
    </ClCompile>
    <ClCompile Include="src\GFXSettings.cpp">
      <Filter>Source Files</Filter>
    </ClCompile>
    <ClCompile Include="src\MumbleLink.cpp">
      <Filter>Source Files</Filter>
    </ClCompile>
    <ClCompile Include="src\ShaderManager.cpp">
      <Filter>Source Files</Filter>
    </ClCompile>
    <ClCompile Include="src\Utility.cpp">
      <Filter>Source Files</Filter>
    </ClCompile>
    <ClCompile Include="src\Log.cpp">
      <Filter>Source Files</Filter>
    </ClCompile>
    <ClCompile Include="src\Minidump.cpp">
      <Filter>Source Files</Filter>
    </ClCompile>
    <ClCompile Include="src\ImGuiExtensions.cpp">
      <Filter>Source Files</Filter>
    </ClCompile>
    <ClCompile Include="src\ImGuiPopup.cpp">
      <Filter>Source Files</Filter>
    </ClCompile>
    <ClCompile Include="src\Graphics.cpp">
      <Filter>Source Files</Filter>
    </ClCompile>
    <ClCompile Include="src\Singleton.cpp">
      <Filter>Source Files</Filter>
    </ClCompile>
  </ItemGroup>
  <ItemGroup>
    <ClInclude Include="include\ConfigurationOption.h">
      <Filter>Source Files</Filter>
    </ClInclude>
    <ClInclude Include="include\ConfigurationFile.h">
      <Filter>Source Files</Filter>
    </ClInclude>
    <ClInclude Include="include\GFXSettings.h">
      <Filter>Source Files</Filter>
    </ClInclude>
    <ClInclude Include="include\MumbleLink.h">
      <Filter>Source Files</Filter>
    </ClInclude>
    <ClInclude Include="include\ShaderManager.h">
      <Filter>Source Files</Filter>
    </ClInclude>
    <ClInclude Include="include\ImGuiPopup.h">
      <Filter>Source Files</Filter>
    </ClInclude>
    <ClInclude Include="include\ImGuiExtensions.h">
      <Filter>Source Files</Filter>
    </ClInclude>
    <ClInclude Include="include\Utility.h">
      <Filter>Source Files</Filter>
    </ClInclude>
    <ClInclude Include="include\Log.h">
      <Filter>Source Files</Filter>
    </ClInclude>
    <ClInclude Include="include\Singleton.h">
      <Filter>Source Files</Filter>
    </ClInclude>
    <ClInclude Include="include\Common.h">
      <Filter>Source Files</Filter>
    </ClInclude>
    <ClInclude Include="include\Win.h">
      <Filter>Source Files</Filter>
    </ClInclude>
    <ClInclude Include="include\EnumUtils.h">
      <Filter>Source Files</Filter>
    </ClInclude>
    <ClInclude Include="include\FileSystem.h">
      <Filter>Source Files</Filter>
    </ClInclude>
    <ClInclude Include="include\Graphics.h">
      <Filter>Source Files</Filter>
    </ClInclude>
    <ClInclude Include="include\renderdoc_app.h">
      <Filter>Source Files</Filter>
    </ClInclude>
  </ItemGroup>
  <ItemGroup>
    <None Include="vcpkg.json">
      <Filter>Resource Files</Filter>
    </None>
  </ItemGroup>
</Project>